
Microsoft Visual Studio Solution File, Format Version 12.00
# Visual Studio Version 17
VisualStudioVersion = 17.10.35122.118
MinimumVisualStudioVersion = 10.0.40219.1
Project("{FAE04EC0-301F-11D3-BF4B-00C04F79EFBC}") = "EmployeeDetails", "EmployeeDetails\EmployeeDetails.csproj", "{132E32E1-0032-45F4-B915-66040835B46C}"
EndProject
Global
	GlobalSection(SolutionConfigurationPlatforms) = preSolution
		Debug|Any CPU = Debug|Any CPU
		Release|Any CPU = Release|Any CPU
	EndGlobalSection
	GlobalSection(ProjectConfigurationPlatforms) = postSolution
		{132E32E1-0032-45F4-B915-66040835B46C}.Debug|Any CPU.ActiveCfg = Debug|Any CPU
		{132E32E1-0032-45F4-B915-66040835B46C}.Debug|Any CPU.Build.0 = Debug|Any CPU
		{132E32E1-0032-45F4-B915-66040835B46C}.Release|Any CPU.ActiveCfg = Release|Any CPU
		{132E32E1-0032-45F4-B915-66040835B46C}.Release|Any CPU.Build.0 = Release|Any CPU
	EndGlobalSection
	GlobalSection(SolutionProperties) = preSolution
		HideSolutionNode = FALSE
	EndGlobalSection
	GlobalSection(ExtensibilityGlobals) = postSolution
		SolutionGuid = {F762FD96-53F1-4F68-B053-84D0A4E687B6}
	EndGlobalSection
EndGlobal
